
Microsoft Visual Studio Solution File, Format Version 12.00
# Visual Studio Version 17
VisualStudioVersion = 17.10.35013.160
MinimumVisualStudioVersion = 10.0.40219.1
Project("{FAE04EC0-301F-11D3-BF4B-00C04F79EFBC}") = "Abrak", "Abrak\Abrak.csproj", "{4BB4A51E-3998-4019-89B7-756792DAE6F3}"
EndProject
Global
	GlobalSection(SolutionConfigurationPlatforms) = preSolution
		Debug|Any CPU = Debug|Any CPU
		Release|Any CPU = Release|Any CPU
	EndGlobalSection
	GlobalSection(ProjectConfigurationPlatforms) = postSolution
		{4BB4A51E-3998-4019-89B7-756792DAE6F3}.Debug|Any CPU.ActiveCfg = Debug|Any CPU
		{4BB4A51E-3998-4019-89B7-756792DAE6F3}.Debug|Any CPU.Build.0 = Debug|Any CPU
		{4BB4A51E-3998-4019-89B7-756792DAE6F3}.Release|Any CPU.ActiveCfg = Release|Any CPU
		{4BB4A51E-3998-4019-89B7-756792DAE6F3}.Release|Any CPU.Build.0 = Release|Any CPU
	EndGlobalSection
	GlobalSection(SolutionProperties) = preSolution
		HideSolutionNode = FALSE
	EndGlobalSection
	GlobalSection(ExtensibilityGlobals) = postSolution
		SolutionGuid = {F3FE4370-20C2-45FC-A87F-E4709BCD9FFC}
	EndGlobalSection
EndGlobal
